
Microsoft Visual Studio Solution File, Format Version 12.00
# Visual Studio Version 16
VisualStudioVersion = 16.0.31129.286
MinimumVisualStudioVersion = 10.0.40219.1
Project("{8BC9CEB8-8B4A-11D0-8D11-00A0C91BC942}") = "newton_raphson", "newton_raphson.vcxproj", "{B35C5030-77A3-48B0-8A75-50C9B641A440}"
EndProject
Global
	GlobalSection(SolutionConfigurationPlatforms) = preSolution
		Debug|x64 = Debug|x64
		Debug|x86 = Debug|x86
		Release|x64 = Release|x64
		Release|x86 = Release|x86
	EndGlobalSection
	GlobalSection(ProjectConfigurationPlatforms) = postSolution
		{B35C5030-77A3-48B0-8A75-50C9B641A440}.Debug|x64.ActiveCfg = Debug|x64
		{B35C5030-77A3-48B0-8A75-50C9B641A440}.Debug|x64.Build.0 = Debug|x64
		{B35C5030-77A3-48B0-8A75-50C9B641A440}.Debug|x86.ActiveCfg = Debug|Win32
		{B35C5030-77A3-48B0-8A75-50C9B641A440}.Debug|x86.Build.0 = Debug|Win32
		{B35C5030-77A3-48B0-8A75-50C9B641A440}.Release|x64.ActiveCfg = Release|x64
		{B35C5030-77A3-48B0-8A75-50C9B641A440}.Release|x64.Build.0 = Release|x64
		{B35C5030-77A3-48B0-8A75-50C9B641A440}.Release|x86.ActiveCfg = Release|Win32
		{B35C5030-77A3-48B0-8A75-50C9B641A440}.Release|x86.Build.0 = Release|Win32
	EndGlobalSection
	GlobalSection(SolutionProperties) = preSolution
		HideSolutionNode = FALSE
	EndGlobalSection
	GlobalSection(ExtensibilityGlobals) = postSolution
		SolutionGuid = {A44A68D9-2998-4938-9295-E52ABB727C22}
	EndGlobalSection
EndGlobal
